
Microsoft Visual Studio Solution File, Format Version 12.00
# Visual Studio Version 16
VisualStudioVersion = 16.0.29806.167
MinimumVisualStudioVersion = 10.0.40219.1
Project("{FAE04EC0-301F-11D3-BF4B-00C04F79EFBC}") = "CheckListBox-Apperance", "CheckListBox-Apperance.csproj", "{C4944EAE-7AEB-4187-AC1A-461C6C07415D}"
EndProject
Global
	GlobalSection(SolutionConfigurationPlatforms) = preSolution
		Debug|Any CPU = Debug|Any CPU
		Release|Any CPU = Release|Any CPU
	EndGlobalSection
	GlobalSection(ProjectConfigurationPlatforms) = postSolution
		{C4944EAE-7AEB-4187-AC1A-461C6C07415D}.Debug|Any CPU.ActiveCfg = Debug|Any CPU
		{C4944EAE-7AEB-4187-AC1A-461C6C07415D}.Debug|Any CPU.Build.0 = Debug|Any CPU
		{C4944EAE-7AEB-4187-AC1A-461C6C07415D}.Release|Any CPU.ActiveCfg = Release|Any CPU
		{C4944EAE-7AEB-4187-AC1A-461C6C07415D}.Release|Any CPU.Build.0 = Release|Any CPU
	EndGlobalSection
	GlobalSection(SolutionProperties) = preSolution
		HideSolutionNode = FALSE
	EndGlobalSection
	GlobalSection(ExtensibilityGlobals) = postSolution
		SolutionGuid = {44D4A3BD-6653-481F-B5C5-113C6175FCE3}
	EndGlobalSection
EndGlobal
